
Microsoft Visual Studio Solution File, Format Version 12.00
# Visual Studio Version 17
VisualStudioVersion = 17.4.33122.133
MinimumVisualStudioVersion = 10.0.40219.1
Project("{9A19103F-16F7-4668-BE54-9A1E7A4F7556}") = "PB.Clients.API", "PB.Clients.API\PB.Clients.API.csproj", "{F016B972-6CA4-46C1-BB22-D9042D2C6265}"
EndProject
Project("{FAE04EC0-301F-11D3-BF4B-00C04F79EFBC}") = "PB.Clients.Tests", "PB.Clients.Tests\PB.Clients.Tests.csproj", "{5FF98286-6165-4CEA-99B5-521FB29C7271}"
EndProject
Global
	GlobalSection(SolutionConfigurationPlatforms) = preSolution
		Debug|Any CPU = Debug|Any CPU
		Release|Any CPU = Release|Any CPU
	EndGlobalSection
	GlobalSection(ProjectConfigurationPlatforms) = postSolution
		{F016B972-6CA4-46C1-BB22-D9042D2C6265}.Debug|Any CPU.ActiveCfg = Debug|Any CPU
		{F016B972-6CA4-46C1-BB22-D9042D2C6265}.Debug|Any CPU.Build.0 = Debug|Any CPU
		{F016B972-6CA4-46C1-BB22-D9042D2C6265}.Release|Any CPU.ActiveCfg = Release|Any CPU
		{F016B972-6CA4-46C1-BB22-D9042D2C6265}.Release|Any CPU.Build.0 = Release|Any CPU
		{5FF98286-6165-4CEA-99B5-521FB29C7271}.Debug|Any CPU.ActiveCfg = Debug|Any CPU
		{5FF98286-6165-4CEA-99B5-521FB29C7271}.Debug|Any CPU.Build.0 = Debug|Any CPU
		{5FF98286-6165-4CEA-99B5-521FB29C7271}.Release|Any CPU.ActiveCfg = Release|Any CPU
		{5FF98286-6165-4CEA-99B5-521FB29C7271}.Release|Any CPU.Build.0 = Release|Any CPU
	EndGlobalSection
	GlobalSection(SolutionProperties) = preSolution
		HideSolutionNode = FALSE
	EndGlobalSection
	GlobalSection(ExtensibilityGlobals) = postSolution
		SolutionGuid = {1A9ABF2F-03DA-4380-AF83-A1A39F33DF1B}
	EndGlobalSection
EndGlobal
